
Microsoft Visual Studio Solution File, Format Version 12.00
# Visual Studio Version 16
VisualStudioVersion = 16.0.30523.141
MinimumVisualStudioVersion = 10.0.40219.1
Project("{FAE04EC0-301F-11D3-BF4B-00C04F79EFBC}") = "SuperSeries", "SuperSeries\SuperSeries.csproj", "{95635B70-AA6B-4989-ABCD-B669D2AFC9A9}"
EndProject
Global
	GlobalSection(SolutionConfigurationPlatforms) = preSolution
		Debug|Any CPU = Debug|Any CPU
		Release|Any CPU = Release|Any CPU
	EndGlobalSection
	GlobalSection(ProjectConfigurationPlatforms) = postSolution
		{95635B70-AA6B-4989-ABCD-B669D2AFC9A9}.Debug|Any CPU.ActiveCfg = Debug|Any CPU
		{95635B70-AA6B-4989-ABCD-B669D2AFC9A9}.Debug|Any CPU.Build.0 = Debug|Any CPU
		{95635B70-AA6B-4989-ABCD-B669D2AFC9A9}.Release|Any CPU.ActiveCfg = Release|Any CPU
		{95635B70-AA6B-4989-ABCD-B669D2AFC9A9}.Release|Any CPU.Build.0 = Release|Any CPU
	EndGlobalSection
	GlobalSection(SolutionProperties) = preSolution
		HideSolutionNode = FALSE
	EndGlobalSection
	GlobalSection(ExtensibilityGlobals) = postSolution
		SolutionGuid = {86B0A556-1AA9-4AEF-9F2A-7652B5000DF7}
	EndGlobalSection
EndGlobal
